
Microsoft Visual Studio Solution File, Format Version 12.00
# Visual Studio Version 16
VisualStudioVersion = 16.0.30114.105
MinimumVisualStudioVersion = 10.0.40219.1
Project("{FAE04EC0-301F-11D3-BF4B-00C04F79EFBC}") = "Fulbo12.Core", "Fulbo12.Core\Fulbo12.Core.csproj", "{8DF370E5-5276-47CC-BAB8-8423D85F7648}"
EndProject
Project("{FAE04EC0-301F-11D3-BF4B-00C04F79EFBC}") = "Fulbo12.Core.Test", "Fulbo12.Core.Test\Fulbo12.Core.Test.csproj", "{18EA7128-4D11-412C-ADDB-0521791FEA03}"
EndProject
Project("{FAE04EC0-301F-11D3-BF4B-00C04F79EFBC}") = "Fulbo12.Core.Persistencia.EFC", "Fulbo12.Core.Persistencia.EFC\Fulbo12.Core.Persistencia.EFC.csproj", "{64FA1B51-E2B2-46B4-8278-B11F6A1BA6D4}"
EndProject
Project("{FAE04EC0-301F-11D3-BF4B-00C04F79EFBC}") = "Fulbo12.Core.Mvc", "Fulbo12.Core.Mvc\Fulbo12.Core.Mvc.csproj", "{F9FAA377-DE35-4DFE-96E9-232415051AE2}"
EndProject
Global
	GlobalSection(SolutionConfigurationPlatforms) = preSolution
		Debug|Any CPU = Debug|Any CPU
		Release|Any CPU = Release|Any CPU
	EndGlobalSection
	GlobalSection(SolutionProperties) = preSolution
		HideSolutionNode = FALSE
	EndGlobalSection
	GlobalSection(ProjectConfigurationPlatforms) = postSolution
		{8DF370E5-5276-47CC-BAB8-8423D85F7648}.Debug|Any CPU.ActiveCfg = Debug|Any CPU
		{8DF370E5-5276-47CC-BAB8-8423D85F7648}.Debug|Any CPU.Build.0 = Debug|Any CPU
		{8DF370E5-5276-47CC-BAB8-8423D85F7648}.Release|Any CPU.ActiveCfg = Release|Any CPU
		{8DF370E5-5276-47CC-BAB8-8423D85F7648}.Release|Any CPU.Build.0 = Release|Any CPU
		{18EA7128-4D11-412C-ADDB-0521791FEA03}.Debug|Any CPU.ActiveCfg = Debug|Any CPU
		{18EA7128-4D11-412C-ADDB-0521791FEA03}.Debug|Any CPU.Build.0 = Debug|Any CPU
		{18EA7128-4D11-412C-ADDB-0521791FEA03}.Release|Any CPU.ActiveCfg = Release|Any CPU
		{18EA7128-4D11-412C-ADDB-0521791FEA03}.Release|Any CPU.Build.0 = Release|Any CPU
		{64FA1B51-E2B2-46B4-8278-B11F6A1BA6D4}.Debug|Any CPU.ActiveCfg = Debug|Any CPU
		{64FA1B51-E2B2-46B4-8278-B11F6A1BA6D4}.Debug|Any CPU.Build.0 = Debug|Any CPU
		{64FA1B51-E2B2-46B4-8278-B11F6A1BA6D4}.Release|Any CPU.ActiveCfg = Release|Any CPU
		{64FA1B51-E2B2-46B4-8278-B11F6A1BA6D4}.Release|Any CPU.Build.0 = Release|Any CPU
		{F9FAA377-DE35-4DFE-96E9-232415051AE2}.Debug|Any CPU.ActiveCfg = Debug|Any CPU
		{F9FAA377-DE35-4DFE-96E9-232415051AE2}.Debug|Any CPU.Build.0 = Debug|Any CPU
		{F9FAA377-DE35-4DFE-96E9-232415051AE2}.Release|Any CPU.ActiveCfg = Release|Any CPU
		{F9FAA377-DE35-4DFE-96E9-232415051AE2}.Release|Any CPU.Build.0 = Release|Any CPU
	EndGlobalSection
EndGlobal
